<?xml version="1.0" encoding="UTF-8"?>
<!DOCTYPE plist PUBLIC "-//Apple//DTD PLIST 1.0//EN" "http://www.apple.com/DTDs/PropertyList-1.0.dtd">
<plist version="1.0">
<dict>
	<key>archiveVersion</key>
	<string>1</string>
	<key>classes</key>
	<dict/>
	<key>objectVersion</key>
	<string>46</string>
	<key>objects</key>
	<dict>
		<key>363C3C1EE1DD487E5D65B046</key>
		<dict>
			<key>includeInIndex</key>
			<string>1</string>
			<key>isa</key>
			<string>PBXFileReference</string>
			<key>lastKnownFileType</key>
			<string>text.xcconfig</string>
			<key>name</key>
			<string>Pods.release.xcconfig</string>
			<key>path</key>
			<string>Pods/Target Support Files/Pods/Pods.release.xcconfig</string>
			<key>sourceTree</key>
			<string>&lt;group&gt;</string>
		</dict>
		<key>51BEF59F5F7E4E858CB4E5D1</key>
		<dict>
			<key>fileRef</key>
			<string>87874FC9433042AAADAE0F63</string>
			<key>isa</key>
			<string>PBXBuildFile</string>
		</dict>
		<key>598C3DDB4C7E943ABCFAAEFE</key>
		<dict>
			<key>includeInIndex</key>
			<string>1</string>
			<key>isa</key>
			<string>PBXFileReference</string>
			<key>lastKnownFileType</key>
			<string>text.xcconfig</string>
			<key>name</key>
			<string>Pods.debug.xcconfig</string>
			<key>path</key>
			<string>Pods/Target Support Files/Pods/Pods.debug.xcconfig</string>
			<key>sourceTree</key>
			<string>&lt;group&gt;</string>
		</dict>
		<key>7FC991199E0B4C2AA7675132</key>
		<dict>
			<key>buildActionMask</key>
			<string>2147483647</string>
			<key>files</key>
			<array/>
			<key>inputPaths</key>
			<array/>
			<key>isa</key>
			<string>PBXShellScriptBuildPhase</string>
			<key>name</key>
			<string>Check Pods Manifest.lock</string>
			<key>outputPaths</key>
			<array/>
			<key>runOnlyForDeploymentPostprocessing</key>
			<string>0</string>
			<key>shellPath</key>
			<string>/bin/sh</string>
			<key>shellScript</key>
			<string>diff "${PODS_ROOT}/../Podfile.lock" "${PODS_ROOT}/Manifest.lock" &gt; /dev/null
if [[ $? != 0 ]] ; then
    cat &lt;&lt; EOM
error: The sandbox is not in sync with the Podfile.lock. Run 'pod install' or update your CocoaPods installation.
EOM
    exit 1
fi
</string>
			<key>showEnvVarsInLog</key>
			<string>0</string>
		</dict>
		<key>87874FC9433042AAADAE0F63</key>
		<dict>
			<key>explicitFileType</key>
			<string>archive.ar</string>
			<key>includeInIndex</key>
			<string>0</string>
			<key>isa</key>
			<string>PBXFileReference</string>
			<key>path</key>
			<string>libPods.a</string>
			<key>sourceTree</key>
			<string>BUILT_PRODUCTS_DIR</string>
		</dict>
		<key>ADC764BA276CAAF8DB4EF471</key>
		<dict>
			<key>children</key>
			<array>
				<string>598C3DDB4C7E943ABCFAAEFE</string>
				<string>363C3C1EE1DD487E5D65B046</string>
			</array>
			<key>isa</key>
			<string>PBXGroup</string>
			<key>name</key>
			<string>Pods</string>
			<key>sourceTree</key>
			<string>&lt;group&gt;</string>
		</dict>
		<key>B2B8448F929D4572B5A2E7D3</key>
		<dict>
			<key>buildActionMask</key>
			<string>2147483647</string>
			<key>files</key>
			<array/>
			<key>inputPaths</key>
			<array/>
			<key>isa</key>
			<string>PBXShellScriptBuildPhase</string>
			<key>name</key>
			<string>Copy Pods Resources</string>
			<key>outputPaths</key>
			<array/>
			<key>runOnlyForDeploymentPostprocessing</key>
			<string>0</string>
			<key>shellPath</key>
			<string>/bin/sh</string>
			<key>shellScript</key>
			<string>"${SRCROOT}/Pods/Target Support Files/Pods/Pods-resources.sh"
</string>
			<key>showEnvVarsInLog</key>
			<string>0</string>
		</dict>
		<key>F40672D4185B41470078860B</key>
		<dict>
			<key>children</key>
			<array>
				<string>F4AF49931896C9100045612D</string>
				<string>F4AF49941896C9100045612D</string>
				<string>F4AF49951896C9100045612D</string>
			</array>
			<key>isa</key>
			<string>PBXGroup</string>
			<key>name</key>
			<string>timer</string>
			<key>path</key>
			<string>..</string>
			<key>sourceTree</key>
			<string>&lt;group&gt;</string>
		</dict>
		<key>F40672D8185B43940078860B</key>
		<dict>
			<key>isa</key>
			<string>PBXFileReference</string>
			<key>lastKnownFileType</key>
			<string>wrapper.framework</string>
			<key>name</key>
			<string>CoreAudio.framework</string>
			<key>path</key>
			<string>System/Library/Frameworks/CoreAudio.framework</string>
			<key>sourceTree</key>
			<string>SDKROOT</string>
		</dict>
		<key>F40672D9185B43940078860B</key>
		<dict>
			<key>fileRef</key>
			<string>F40672D8185B43940078860B</string>
			<key>isa</key>
			<string>PBXBuildFile</string>
		</dict>
		<key>F40A96291910FE5D00E559D3</key>
		<dict>
			<key>fileEncoding</key>
			<string>4</string>
			<key>isa</key>
			<string>PBXFileReference</string>
			<key>lastKnownFileType</key>
			<string>sourcecode.c.h</string>
			<key>path</key>
			<string>TBObserver.h</string>
			<key>sourceTree</key>
			<string>&lt;group&gt;</string>
		</dict>
		<key>F40A962A1910FE5D00E559D3</key>
		<dict>
			<key>fileEncoding</key>
			<string>4</string>
			<key>isa</key>
			<string>PBXFileReference</string>
			<key>lastKnownFileType</key>
			<string>sourcecode.c.objc</string>
			<key>path</key>
			<string>TBObserver.m</string>
			<key>sourceTree</key>
			<string>&lt;group&gt;</string>
		</dict>
		<key>F40A962B1910FE5D00E559D3</key>
		<dict>
			<key>fileRef</key>
			<string>F40A962A1910FE5D00E559D3</string>
			<key>isa</key>
			<string>PBXBuildFile</string>
		</dict>
		<key>F40C943E1858CFF800B64908</key>
		<dict>
			<key>fileEncoding</key>
			<string>4</string>
			<key>isa</key>
			<string>PBXFileReference</string>
			<key>lastKnownFileType</key>
			<string>sourcecode.c.h</string>
			<key>path</key>
			<string>TBGoogleMapsRouting.h</string>
			<key>sourceTree</key>
			<string>&lt;group&gt;</string>
		</dict>
		<key>F40C943F1858CFF800B64908</key>
		<dict>
			<key>fileEncoding</key>
			<string>4</string>
			<key>isa</key>
			<string>PBXFileReference</string>
			<key>lastKnownFileType</key>
			<string>sourcecode.c.objc</string>
			<key>path</key>
			<string>TBGoogleMapsRouting.m</string>
			<key>sourceTree</key>
			<string>&lt;group&gt;</string>
		</dict>
		<key>F40C94401858CFF800B64908</key>
		<dict>
			<key>fileRef</key>
			<string>F40C943F1858CFF800B64908</string>
			<key>isa</key>
			<string>PBXBuildFile</string>
		</dict>
		<key>F40C94411858D51600B64908</key>
		<dict>
			<key>children</key>
			<array>
				<string>F40C944F1858DA6700B64908</string>
			</array>
			<key>isa</key>
			<string>PBXGroup</string>
			<key>name</key>
			<string>settings</string>
			<key>sourceTree</key>
			<string>&lt;group&gt;</string>
		</dict>
		<key>F40C944F1858DA6700B64908</key>
		<dict>
			<key>isa</key>
			<string>PBXFileReference</string>
			<key>lastKnownFileType</key>
			<string>wrapper.plug-in</string>
			<key>path</key>
			<string>Settings.bundle</string>
			<key>sourceTree</key>
			<string>&lt;group&gt;</string>
		</dict>
		<key>F40C94501858DA6700B64908</key>
		<dict>
			<key>fileRef</key>
			<string>F40C944F1858DA6700B64908</string>
			<key>isa</key>
			<string>PBXBuildFile</string>
		</dict>
		<key>F4141EB81855E67600918F71</key>
		<dict>
			<key>fileEncoding</key>
			<string>4</string>
			<key>isa</key>
			<string>PBXFileReference</string>
			<key>lastKnownFileType</key>
			<string>sourcecode.c.h</string>
			<key>path</key>
			<string>TBMainViewController.h</string>
			<key>sourceTree</key>
			<string>&lt;group&gt;</string>
		</dict>
		<key>F4141EB91855E67600918F71</key>
		<dict>
			<key>fileEncoding</key>
			<string>4</string>
			<key>isa</key>
			<string>PBXFileReference</string>
			<key>lastKnownFileType</key>
			<string>sourcecode.c.objc</string>
			<key>path</key>
			<string>TBMainViewController.m</string>
			<key>sourceTree</key>
			<string>&lt;group&gt;</string>
		</dict>
		<key>F4141EBA1855E67600918F71</key>
		<dict>
			<key>fileRef</key>
			<string>F4141EB91855E67600918F71</string>
			<key>isa</key>
			<string>PBXBuildFile</string>
		</dict>
		<key>F421E304180D8BB100213902</key>
		<dict>
			<key>fileEncoding</key>
			<string>4</string>
			<key>isa</key>
			<string>PBXFileReference</string>
			<key>lastKnownFileType</key>
			<string>sourcecode.c.h</string>
			<key>path</key>
			<string>TBStationAnnotationView.h</string>
			<key>sourceTree</key>
			<string>&lt;group&gt;</string>
		</dict>
		<key>F421E305180D8BB100213902</key>
		<dict>
			<key>fileEncoding</key>
			<string>4</string>
			<key>isa</key>
			<string>PBXFileReference</string>
			<key>lastKnownFileType</key>
			<string>sourcecode.c.objc</string>
			<key>path</key>
			<string>TBStationAnnotationView.m</string>
			<key>sourceTree</key>
			<string>&lt;group&gt;</string>
		</dict>
		<key>F421E306180D8BB100213902</key>
		<dict>
			<key>fileRef</key>
			<string>F421E305180D8BB100213902</string>
			<key>isa</key>
			<string>PBXBuildFile</string>
		</dict>
		<key>F42E60AC17F11A2C0099A1D0</key>
		<dict>
			<key>fileEncoding</key>
			<string>4</string>
			<key>isa</key>
			<string>PBXFileReference</string>
			<key>lastKnownFileType</key>
			<string>sourcecode.c.h</string>
			<key>path</key>
			<string>TBListViewController.h</string>
			<key>sourceTree</key>
			<string>&lt;group&gt;</string>
		</dict>
		<key>F42E60AD17F11A2C0099A1D0</key>
		<dict>
			<key>fileEncoding</key>
			<string>4</string>
			<key>isa</key>
			<string>PBXFileReference</string>
			<key>lastKnownFileType</key>
			<string>sourcecode.c.objc</string>
			<key>path</key>
			<string>TBListViewController.m</string>
			<key>sourceTree</key>
			<string>&lt;group&gt;</string>
		</dict>
		<key>F42E60AE17F11A2C0099A1D0</key>
		<dict>
			<key>fileRef</key>
			<string>F42E60AD17F11A2C0099A1D0</string>
			<key>isa</key>
			<string>PBXBuildFile</string>
		</dict>
		<key>F42E60AF17F11AF60099A1D0</key>
		<dict>
			<key>isa</key>
			<string>PBXFileReference</string>
			<key>lastKnownFileType</key>
			<string>folder.assetcatalog</string>
			<key>name</key>
			<string>Assets.xcassets</string>
			<key>path</key>
			<string>../Assets.xcassets</string>
			<key>sourceTree</key>
			<string>&lt;group&gt;</string>
		</dict>
		<key>F42E60B017F11AF60099A1D0</key>
		<dict>
			<key>fileRef</key>
			<string>F42E60AF17F11AF60099A1D0</string>
			<key>isa</key>
			<string>PBXBuildFile</string>
		</dict>
		<key>F42E60B117F11C5A0099A1D0</key>
		<dict>
			<key>isa</key>
			<string>PBXFileReference</string>
			<key>lastKnownFileType</key>
			<string>wrapper.framework</string>
			<key>name</key>
			<string>MapKit.framework</string>
			<key>path</key>
			<string>System/Library/Frameworks/MapKit.framework</string>
			<key>sourceTree</key>
			<string>SDKROOT</string>
		</dict>
		<key>F42E60B217F11C5A0099A1D0</key>
		<dict>
			<key>fileRef</key>
			<string>F42E60B117F11C5A0099A1D0</string>
			<key>isa</key>
			<string>PBXBuildFile</string>
		</dict>
		<key>F42E60B617F123060099A1D0</key>
		<dict>
			<key>fileEncoding</key>
			<string>4</string>
			<key>isa</key>
			<string>PBXFileReference</string>
			<key>lastKnownFileType</key>
			<string>sourcecode.c.h</string>
			<key>path</key>
			<string>TBStation.h</string>
			<key>sourceTree</key>
			<string>&lt;group&gt;</string>
		</dict>
		<key>F42E60B717F123060099A1D0</key>
		<dict>
			<key>fileEncoding</key>
			<string>4</string>
			<key>isa</key>
			<string>PBXFileReference</string>
			<key>lastKnownFileType</key>
			<string>sourcecode.c.objc</string>
			<key>path</key>
			<string>TBStation.m</string>
			<key>sourceTree</key>
			<string>&lt;group&gt;</string>
		</dict>
		<key>F42E60B817F123060099A1D0</key>
		<dict>
			<key>fileRef</key>
			<string>F42E60B717F123060099A1D0</string>
			<key>isa</key>
			<string>PBXBuildFile</string>
		</dict>
		<key>F42E60B917F123590099A1D0</key>
		<dict>
			<key>fileEncoding</key>
			<string>4</string>
			<key>isa</key>
			<string>PBXFileReference</string>
			<key>lastKnownFileType</key>
			<string>sourcecode.c.h</string>
			<key>path</key>
			<string>Utils.h</string>
			<key>sourceTree</key>
			<string>&lt;group&gt;</string>
		</dict>
		<key>F42E60BA17F123590099A1D0</key>
		<dict>
			<key>fileEncoding</key>
			<string>4</string>
			<key>isa</key>
			<string>PBXFileReference</string>
			<key>lastKnownFileType</key>
			<string>sourcecode.c.objc</string>
			<key>path</key>
			<string>Utils.m</string>
			<key>sourceTree</key>
			<string>&lt;group&gt;</string>
		</dict>
		<key>F42E60BB17F123590099A1D0</key>
		<dict>
			<key>fileRef</key>
			<string>F42E60BA17F123590099A1D0</string>
			<key>isa</key>
			<string>PBXBuildFile</string>
		</dict>
		<key>F42FCA0917FD6A3F00E24D50</key>
		<dict>
			<key>fileEncoding</key>
			<string>4</string>
			<key>isa</key>
			<string>PBXFileReference</string>
			<key>lastKnownFileType</key>
			<string>sourcecode.c.h</string>
			<key>path</key>
			<string>TBAvailabilityView.h</string>
			<key>sourceTree</key>
			<string>&lt;group&gt;</string>
		</dict>
		<key>F42FCA0A17FD6A3F00E24D50</key>
		<dict>
			<key>fileEncoding</key>
			<string>4</string>
			<key>isa</key>
			<string>PBXFileReference</string>
			<key>lastKnownFileType</key>
			<string>sourcecode.c.objc</string>
			<key>path</key>
			<string>TBAvailabilityView.m</string>
			<key>sourceTree</key>
			<string>&lt;group&gt;</string>
		</dict>
		<key>F42FCA0B17FD6A3F00E24D50</key>
		<dict>
			<key>fileRef</key>
			<string>F42FCA0A17FD6A3F00E24D50</string>
			<key>isa</key>
			<string>PBXBuildFile</string>
		</dict>
		<key>F42FCA0F17FE52F700E24D50</key>
		<dict>
			<key>fileEncoding</key>
			<string>4</string>
			<key>isa</key>
			<string>PBXFileReference</string>
			<key>lastKnownFileType</key>
			<string>sourcecode.c.h</string>
			<key>path</key>
			<string>TBTintedView.h</string>
			<key>sourceTree</key>
			<string>&lt;group&gt;</string>
		</dict>
		<key>F42FCA1017FE52F700E24D50</key>
		<dict>
			<key>fileEncoding</key>
			<string>4</string>
			<key>isa</key>
			<string>PBXFileReference</string>
			<key>lastKnownFileType</key>
			<string>sourcecode.c.objc</string>
			<key>path</key>
			<string>TBTintedView.m</string>
			<key>sourceTree</key>
			<string>&lt;group&gt;</string>
		</dict>
		<key>F42FCA1117FE52F700E24D50</key>
		<dict>
			<key>fileRef</key>
			<string>F42FCA1017FE52F700E24D50</string>
			<key>isa</key>
			<string>PBXBuildFile</string>
		</dict>
		<key>F437D5CA1858896F00E1381B</key>
		<dict>
			<key>fileEncoding</key>
			<string>4</string>
			<key>isa</key>
			<string>PBXFileReference</string>
			<key>lastKnownFileType</key>
			<string>sourcecode.c.h</string>
			<key>path</key>
			<string>TBGradientBackgroundView.h</string>
			<key>sourceTree</key>
			<string>&lt;group&gt;</string>
		</dict>
		<key>F437D5CB1858896F00E1381B</key>
		<dict>
			<key>fileEncoding</key>
			<string>4</string>
			<key>isa</key>
			<string>PBXFileReference</string>
			<key>lastKnownFileType</key>
			<string>sourcecode.c.objc</string>
			<key>path</key>
			<string>TBGradientBackgroundView.m</string>
			<key>sourceTree</key>
			<string>&lt;group&gt;</string>
		</dict>
		<key>F437D5CC1858896F00E1381B</key>
		<dict>
			<key>fileRef</key>
			<string>F437D5CB1858896F00E1381B</string>
			<key>isa</key>
			<string>PBXBuildFile</string>
		</dict>
		<key>F470EBDA17F11589006FD464</key>
		<dict>
			<key>children</key>
			<array>
				<string>F470EBEC17F11589006FD464</string>
				<string>F470EC0E17F11589006FD464</string>
				<string>F498A0741851B3FC003BD3A6</string>
				<string>F470EBE517F11589006FD464</string>
				<string>F470EBE417F11589006FD464</string>
				<string>ADC764BA276CAAF8DB4EF471</string>
			</array>
			<key>isa</key>
			<string>PBXGroup</string>
			<key>sourceTree</key>
			<string>&lt;group&gt;</string>
		</dict>
		<key>F470EBDB17F11589006FD464</key>
		<dict>
			<key>attributes</key>
			<dict>
				<key>CLASSPREFIX</key>
				<string>TB</string>
				<key>LastUpgradeCheck</key>
				<string>0500</string>
				<key>ORGANIZATIONNAME</key>
				<string>Elad Ben-Israel</string>
				<key>TargetAttributes</key>
				<dict>
					<key>F470EBE217F11589006FD464</key>
					<dict>
						<key>DevelopmentTeam</key>
						<string>CV6VG34TMM</string>
					</dict>
					<key>F470EC0617F11589006FD464</key>
					<dict>
						<key>TestTargetID</key>
						<string>F470EBE217F11589006FD464</string>
					</dict>
				</dict>
			</dict>
			<key>buildConfigurationList</key>
			<string>F470EBDE17F11589006FD464</string>
			<key>compatibilityVersion</key>
			<string>Xcode 3.2</string>
			<key>developmentRegion</key>
			<string>English</string>
			<key>hasScannedForEncodings</key>
			<string>0</string>
			<key>isa</key>
			<string>PBXProject</string>
			<key>knownRegions</key>
			<array>
				<string>en</string>
				<string>Base</string>
			</array>
			<key>mainGroup</key>
			<string>F470EBDA17F11589006FD464</string>
			<key>productRefGroup</key>
			<string>F470EBE417F11589006FD464</string>
			<key>projectDirPath</key>
			<string></string>
			<key>projectReferences</key>
			<array/>
			<key>projectRoot</key>
			<string></string>
			<key>targets</key>
			<array>
				<string>F470EBE217F11589006FD464</string>
				<string>F470EC0617F11589006FD464</string>
			</array>
		</dict>
		<key>F470EBDE17F11589006FD464</key>
		<dict>
			<key>buildConfigurations</key>
			<array>
				<string>F470EC1617F11589006FD464</string>
				<string>F470EC1717F11589006FD464</string>
			</array>
			<key>defaultConfigurationIsVisible</key>
			<string>0</string>
			<key>defaultConfigurationName</key>
			<string>Release</string>
			<key>isa</key>
			<string>XCConfigurationList</string>
		</dict>
		<key>F470EBDF17F11589006FD464</key>
		<dict>
			<key>buildActionMask</key>
			<string>2147483647</string>
			<key>files</key>
			<array>
				<string>F47B5CCE17F6675B00D88614</string>
				<string>F421E306180D8BB100213902</string>
				<string>F42FCA1117FE52F700E24D50</string>
				<string>F470EC0017F11589006FD464</string>
				<string>F47B5CDF17F6C7E100D88614</string>
				<string>F47B5CCB17F65DAC00D88614</string>
				<string>F4AF49971896C9100045612D</string>
				<string>F4EE1E7617FEF58C002F8A62</string>
				<string>F4AF499C189902F30045612D</string>
				<string>F47B5CE717F6CC3000D88614</string>
				<string>F498A02B1851450F003BD3A6</string>
				<string>F42E60B817F123060099A1D0</string>
				<string>F4B081BF1853D43C00DC272A</string>
				<string>F40A962B1910FE5D00E559D3</string>
				<string>F4141EBA1855E67600918F71</string>
				<string>F47B5CD817F6B37F00D88614</string>
				<string>F498A02718514054003BD3A6</string>
				<string>F437D5CC1858896F00E1381B</string>
				<string>F470EBF717F11589006FD464</string>
				<string>F47B5CE417F6CAF200D88614</string>
				<string>F42E60BB17F123590099A1D0</string>
				<string>F4AF499F189904790045612D</string>
				<string>F42E60AE17F11A2C0099A1D0</string>
				<string>F47B5CEF17F6D43C00D88614</string>
				<string>F47B5CC017F1293600D88614</string>
				<string>F47B5CC817F655EC00D88614</string>
				<string>F470EBF317F11589006FD464</string>
				<string>F498A0AB1851B44A003BD3A6</string>
				<string>F47B5D0217F797DA00D88614</string>
				<string>F42FCA0B17FD6A3F00E24D50</string>
				<string>F4AF49861896B4D30045612D</string>
				<string>F4C3484E185CC7B900C0EF4D</string>
				<string>F40C94401858CFF800B64908</string>
			</array>
			<key>isa</key>
			<string>PBXSourcesBuildPhase</string>
			<key>runOnlyForDeploymentPostprocessing</key>
			<string>0</string>
		</dict>
		<key>F470EBE017F11589006FD464</key>
		<dict>
			<key>buildActionMask</key>
			<string>2147483647</string>
			<key>files</key>
			<array>
				<string>F4AF49901896C4E40045612D</string>
				<string>F40672D9185B43940078860B</string>
				<string>F47B5CF117F6D9BB00D88614</string>
				<string>F47B5CE117F6C97100D88614</string>
				<string>F42E60B217F11C5A0099A1D0</string>
				<string>F470EBE917F11589006FD464</string>
				<string>F4ED06A9189A4617000CA56B</string>
				<string>F470EBEB17F11589006FD464</string>
				<string>F470EBE717F11589006FD464</string>
				<string>51BEF59F5F7E4E858CB4E5D1</string>
			</array>
			<key>isa</key>
			<string>PBXFrameworksBuildPhase</string>
			<key>runOnlyForDeploymentPostprocessing</key>
			<string>0</string>
		</dict>
		<key>F470EBE117F11589006FD464</key>
		<dict>
			<key>buildActionMask</key>
			<string>2147483647</string>
			<key>files</key>
			<array>
				<string>F498A0AC1851B44A003BD3A6</string>
				<string>F498A0AD1851B44A003BD3A6</string>
				<string>F4AF49961896C9100045612D</string>
				<string>F4AF49831896B4C00045612D</string>
				<string>F4792881185CBF7100834E0D</string>
				<string>F40C94501858DA6700B64908</string>
				<string>F4D6FA8B17FC8442000D0F2A</string>
				<string>F470EBF117F11589006FD464</string>
				<string>F42E60B017F11AF60099A1D0</string>
				<string>F4AF49921896C4E40045612D</string>
				<string>F4AF49911896C4E40045612D</string>
				<string>F470EBFA17F11589006FD464</string>
				<string>F49D8E851850DAF300D7413E</string>
				<string>F4EE1E4817FEEE86002F8A62</string>
				<string>F4AF49991896C91E0045612D</string>
			</array>
			<key>isa</key>
			<string>PBXResourcesBuildPhase</string>
			<key>runOnlyForDeploymentPostprocessing</key>
			<string>0</string>
		</dict>
		<key>F470EBE217F11589006FD464</key>
		<dict>
			<key>buildConfigurationList</key>
			<string>F470EC1817F11589006FD464</string>
			<key>buildPhases</key>
			<array>
				<string>7FC991199E0B4C2AA7675132</string>
				<string>F470EBDF17F11589006FD464</string>
				<string>F470EBE017F11589006FD464</string>
				<string>F470EBE117F11589006FD464</string>
				<string>B2B8448F929D4572B5A2E7D3</string>
				<string>F48870B418994B6E00AA1143</string>
			</array>
			<key>buildRules</key>
			<array/>
			<key>dependencies</key>
			<array/>
			<key>isa</key>
			<string>PBXNativeTarget</string>
			<key>name</key>
			<string>telobike</string>
			<key>productName</key>
			<string>telobike</string>
			<key>productReference</key>
			<string>F470EBE317F11589006FD464</string>
			<key>productType</key>
			<string>com.apple.product-type.application</string>
		</dict>
		<key>F470EBE317F11589006FD464</key>
		<dict>
			<key>explicitFileType</key>
			<string>wrapper.application</string>
			<key>includeInIndex</key>
			<string>0</string>
			<key>isa</key>
			<string>PBXFileReference</string>
			<key>path</key>
			<string>telobike.app</string>
			<key>sourceTree</key>
			<string>BUILT_PRODUCTS_DIR</string>
		</dict>
		<key>F470EBE417F11589006FD464</key>
		<dict>
			<key>children</key>
			<array>
				<string>F470EBE317F11589006FD464</string>
				<string>F470EC0717F11589006FD464</string>
			</array>
			<key>isa</key>
			<string>PBXGroup</string>
			<key>name</key>
			<string>Products</string>
			<key>sourceTree</key>
			<string>&lt;group&gt;</string>
		</dict>
		<key>F470EBE517F11589006FD464</key>
		<dict>
			<key>children</key>
			<array>
				<string>F40672D8185B43940078860B</string>
				<string>F47B5D0F17F7CFB700D88614</string>
				<string>F47B5CF017F6D9BB00D88614</string>
				<string>F47B5CE017F6C97100D88614</string>
				<string>F42E60B117F11C5A0099A1D0</string>
				<string>F470EBE617F11589006FD464</string>
				<string>F470EBE817F11589006FD464</string>
				<string>F470EBEA17F11589006FD464</string>
				<string>F470EC0817F11589006FD464</string>
				<string>87874FC9433042AAADAE0F63</string>
			</array>
			<key>isa</key>
			<string>PBXGroup</string>
			<key>name</key>
			<string>Frameworks</string>
			<key>sourceTree</key>
			<string>&lt;group&gt;</string>
		</dict>
		<key>F470EBE617F11589006FD464</key>
		<dict>
			<key>isa</key>
			<string>PBXFileReference</string>
			<key>lastKnownFileType</key>
			<string>wrapper.framework</string>
			<key>name</key>
			<string>Foundation.framework</string>
			<key>path</key>
			<string>System/Library/Frameworks/Foundation.framework</string>
			<key>sourceTree</key>
			<string>SDKROOT</string>
		</dict>
		<key>F470EBE717F11589006FD464</key>
		<dict>
			<key>fileRef</key>
			<string>F470EBE617F11589006FD464</string>
			<key>isa</key>
			<string>PBXBuildFile</string>
		</dict>
		<key>F470EBE817F11589006FD464</key>
		<dict>
			<key>isa</key>
			<string>PBXFileReference</string>
			<key>lastKnownFileType</key>
			<string>wrapper.framework</string>
			<key>name</key>
			<string>CoreGraphics.framework</string>
			<key>path</key>
			<string>System/Library/Frameworks/CoreGraphics.framework</string>
			<key>sourceTree</key>
			<string>SDKROOT</string>
		</dict>
		<key>F470EBE917F11589006FD464</key>
		<dict>
			<key>fileRef</key>
			<string>F470EBE817F11589006FD464</string>
			<key>isa</key>
			<string>PBXBuildFile</string>
		</dict>
		<key>F470EBEA17F11589006FD464</key>
		<dict>
			<key>isa</key>
			<string>PBXFileReference</string>
			<key>lastKnownFileType</key>
			<string>wrapper.framework</string>
			<key>name</key>
			<string>UIKit.framework</string>
			<key>path</key>
			<string>System/Library/Frameworks/UIKit.framework</string>
			<key>sourceTree</key>
			<string>SDKROOT</string>
		</dict>
		<key>F470EBEB17F11589006FD464</key>
		<dict>
			<key>fileRef</key>
			<string>F470EBEA17F11589006FD464</string>
			<key>isa</key>
			<string>PBXBuildFile</string>
		</dict>
		<key>F470EBEC17F11589006FD464</key>
		<dict>
			<key>children</key>
			<array>
				<string>F42E60AF17F11AF60099A1D0</string>
				<string>F4D6FA8A17FC8442000D0F2A</string>
				<string>F4EE1E4717FEEE86002F8A62</string>
				<string>F470EBF817F11589006FD464</string>
				<string>F470EBF517F11589006FD464</string>
				<string>F470EBF617F11589006FD464</string>
				<string>F4141EB81855E67600918F71</string>
				<string>F4141EB91855E67600918F71</string>
				<string>F47B5CD617F6B37F00D88614</string>
				<string>F47B5CD717F6B37F00D88614</string>
				<string>F4AF49821896B4C00045612D</string>
				<string>F4AF49841896B4D30045612D</string>
				<string>F4AF49851896B4D30045612D</string>
				<string>F40C94411858D51600B64908</string>
				<string>F47B5CD117F668B000D88614</string>
				<string>F498A02818514059003BD3A6</string>
				<string>F40672D4185B41470078860B</string>
				<string>F47B5CD217F668BE00D88614</string>
				<string>F47B5CD017F6689400D88614</string>
				<string>F47B5CDC17F6C7C800D88614</string>
				<string>F47B5CCF17F6687B00D88614</string>
				<string>F470EBED17F11589006FD464</string>
			</array>
			<key>isa</key>
			<string>PBXGroup</string>
			<key>path</key>
			<string>telobike</string>
			<key>sourceTree</key>
			<string>&lt;group&gt;</string>
		</dict>
		<key>F470EBED17F11589006FD464</key>
		<dict>
			<key>children</key>
			<array>
				<string>F470EBEE17F11589006FD464</string>
				<string>F470EBEF17F11589006FD464</string>
				<string>F470EBF217F11589006FD464</string>
				<string>F470EBF417F11589006FD464</string>
				<string>F4792883185CBF7100834E0D</string>
			</array>
			<key>isa</key>
			<string>PBXGroup</string>
			<key>name</key>
			<string>support</string>
			<key>sourceTree</key>
			<string>&lt;group&gt;</string>
		</dict>
		<key>F470EBEE17F11589006FD464</key>
		<dict>
			<key>isa</key>
			<string>PBXFileReference</string>
			<key>lastKnownFileType</key>
			<string>text.plist.xml</string>
			<key>path</key>
			<string>telobike-Info.plist</string>
			<key>sourceTree</key>
			<string>&lt;group&gt;</string>
		</dict>
		<key>F470EBEF17F11589006FD464</key>
		<dict>
			<key>children</key>
			<array>
				<string>F470EBF017F11589006FD464</string>
			</array>
			<key>isa</key>
			<string>PBXVariantGroup</string>
			<key>name</key>
			<string>InfoPlist.strings</string>
			<key>sourceTree</key>
			<string>&lt;group&gt;</string>
		</dict>
		<key>F470EBF017F11589006FD464</key>
		<dict>
			<key>isa</key>
			<string>PBXFileReference</string>
			<key>lastKnownFileType</key>
			<string>text.plist.strings</string>
			<key>name</key>
			<string>en</string>
			<key>path</key>
			<string>en.lproj/InfoPlist.strings</string>
			<key>sourceTree</key>
			<string>&lt;group&gt;</string>
		</dict>
		<key>F470EBF117F11589006FD464</key>
		<dict>
			<key>fileRef</key>
			<string>F470EBEF17F11589006FD464</string>
			<key>isa</key>
			<string>PBXBuildFile</string>
		</dict>
		<key>F470EBF217F11589006FD464</key>
		<dict>
			<key>isa</key>
			<string>PBXFileReference</string>
			<key>lastKnownFileType</key>
			<string>sourcecode.c.objc</string>
			<key>path</key>
			<string>main.m</string>
			<key>sourceTree</key>
			<string>&lt;group&gt;</string>
		</dict>
		<key>F470EBF317F11589006FD464</key>
		<dict>
			<key>fileRef</key>
			<string>F470EBF217F11589006FD464</string>
			<key>isa</key>
			<string>PBXBuildFile</string>
		</dict>
		<key>F470EBF417F11589006FD464</key>
		<dict>
			<key>isa</key>
			<string>PBXFileReference</string>
			<key>lastKnownFileType</key>
			<string>sourcecode.c.h</string>
			<key>path</key>
			<string>telobike-Prefix.pch</string>
			<key>sourceTree</key>
			<string>&lt;group&gt;</string>
		</dict>
		<key>F470EBF517F11589006FD464</key>
		<dict>
			<key>isa</key>
			<string>PBXFileReference</string>
			<key>lastKnownFileType</key>
			<string>sourcecode.c.h</string>
			<key>path</key>
			<string>TBAppDelegate.h</string>
			<key>sourceTree</key>
			<string>&lt;group&gt;</string>
		</dict>
		<key>F470EBF617F11589006FD464</key>
		<dict>
			<key>isa</key>
			<string>PBXFileReference</string>
			<key>lastKnownFileType</key>
			<string>sourcecode.c.objc</string>
			<key>path</key>
			<string>TBAppDelegate.m</string>
			<key>sourceTree</key>
			<string>&lt;group&gt;</string>
		</dict>
		<key>F470EBF717F11589006FD464</key>
		<dict>
			<key>fileRef</key>
			<string>F470EBF617F11589006FD464</string>
			<key>isa</key>
			<string>PBXBuildFile</string>
		</dict>
		<key>F470EBF817F11589006FD464</key>
		<dict>
			<key>children</key>
			<array>
				<string>F470EBF917F11589006FD464</string>
				<string>F479287E185CBE9400834E0D</string>
			</array>
			<key>isa</key>
			<string>PBXVariantGroup</string>
			<key>name</key>
			<string>Main.storyboard</string>
			<key>sourceTree</key>
			<string>&lt;group&gt;</string>
		</dict>
		<key>F470EBF917F11589006FD464</key>
		<dict>
			<key>isa</key>
			<string>PBXFileReference</string>
			<key>lastKnownFileType</key>
			<string>file.storyboard</string>
			<key>name</key>
			<string>Base</string>
			<key>path</key>
			<string>Base.lproj/Main.storyboard</string>
			<key>sourceTree</key>
			<string>&lt;group&gt;</string>
		</dict>
		<key>F470EBFA17F11589006FD464</key>
		<dict>
			<key>fileRef</key>
			<string>F470EBF817F11589006FD464</string>
			<key>isa</key>
			<string>PBXBuildFile</string>
		</dict>
		<key>F470EBFE17F11589006FD464</key>
		<dict>
			<key>isa</key>
			<string>PBXFileReference</string>
			<key>lastKnownFileType</key>
			<string>sourcecode.c.h</string>
			<key>path</key>
			<string>TBMapViewController.h</string>
			<key>sourceTree</key>
			<string>&lt;group&gt;</string>
		</dict>
		<key>F470EBFF17F11589006FD464</key>
		<dict>
			<key>isa</key>
			<string>PBXFileReference</string>
			<key>lastKnownFileType</key>
			<string>sourcecode.c.objc</string>
			<key>path</key>
			<string>TBMapViewController.m</string>
			<key>sourceTree</key>
			<string>&lt;group&gt;</string>
		</dict>
		<key>F470EC0017F11589006FD464</key>
		<dict>
			<key>fileRef</key>
			<string>F470EBFF17F11589006FD464</string>
			<key>isa</key>
			<string>PBXBuildFile</string>
		</dict>
		<key>F470EC0317F11589006FD464</key>
		<dict>
			<key>buildActionMask</key>
			<string>2147483647</string>
			<key>files</key>
			<array>
				<string>F470EC1517F11589006FD464</string>
			</array>
			<key>isa</key>
			<string>PBXSourcesBuildPhase</string>
			<key>runOnlyForDeploymentPostprocessing</key>
			<string>0</string>
		</dict>
		<key>F470EC0417F11589006FD464</key>
		<dict>
			<key>buildActionMask</key>
			<string>2147483647</string>
			<key>files</key>
			<array>
				<string>F470EC0917F11589006FD464</string>
				<string>F470EC0B17F11589006FD464</string>
				<string>F470EC0A17F11589006FD464</string>
			</array>
			<key>isa</key>
			<string>PBXFrameworksBuildPhase</string>
			<key>runOnlyForDeploymentPostprocessing</key>
			<string>0</string>
		</dict>
		<key>F470EC0517F11589006FD464</key>
		<dict>
			<key>buildActionMask</key>
			<string>2147483647</string>
			<key>files</key>
			<array>
				<string>F470EC1317F11589006FD464</string>
			</array>
			<key>isa</key>
			<string>PBXResourcesBuildPhase</string>
			<key>runOnlyForDeploymentPostprocessing</key>
			<string>0</string>
		</dict>
		<key>F470EC0617F11589006FD464</key>
		<dict>
			<key>buildConfigurationList</key>
			<string>F470EC1B17F11589006FD464</string>
			<key>buildPhases</key>
			<array>
				<string>F470EC0317F11589006FD464</string>
				<string>F470EC0417F11589006FD464</string>
				<string>F470EC0517F11589006FD464</string>
			</array>
			<key>buildRules</key>
			<array/>
			<key>dependencies</key>
			<array>
				<string>F470EC0D17F11589006FD464</string>
			</array>
			<key>isa</key>
			<string>PBXNativeTarget</string>
			<key>name</key>
			<string>telobikeTests</string>
			<key>productName</key>
			<string>telobikeTests</string>
			<key>productReference</key>
			<string>F470EC0717F11589006FD464</string>
			<key>productType</key>
			<string>com.apple.product-type.bundle.unit-test</string>
		</dict>
		<key>F470EC0717F11589006FD464</key>
		<dict>
			<key>explicitFileType</key>
			<string>wrapper.cfbundle</string>
			<key>includeInIndex</key>
			<string>0</string>
			<key>isa</key>
			<string>PBXFileReference</string>
			<key>path</key>
			<string>telobikeTests.xctest</string>
			<key>sourceTree</key>
			<string>BUILT_PRODUCTS_DIR</string>
		</dict>
		<key>F470EC0817F11589006FD464</key>
		<dict>
			<key>isa</key>
			<string>PBXFileReference</string>
			<key>lastKnownFileType</key>
			<string>wrapper.framework</string>
			<key>name</key>
			<string>XCTest.framework</string>
			<key>path</key>
			<string>Library/Frameworks/XCTest.framework</string>
			<key>sourceTree</key>
			<string>DEVELOPER_DIR</string>
		</dict>
		<key>F470EC0917F11589006FD464</key>
		<dict>
			<key>fileRef</key>
			<string>F470EC0817F11589006FD464</string>
			<key>isa</key>
			<string>PBXBuildFile</string>
		</dict>
		<key>F470EC0A17F11589006FD464</key>
		<dict>
			<key>fileRef</key>
			<string>F470EBE617F11589006FD464</string>
			<key>isa</key>
			<string>PBXBuildFile</string>
		</dict>
		<key>F470EC0B17F11589006FD464</key>
		<dict>
			<key>fileRef</key>
			<string>F470EBEA17F11589006FD464</string>
			<key>isa</key>
			<string>PBXBuildFile</string>
		</dict>
		<key>F470EC0C17F11589006FD464</key>
		<dict>
			<key>containerPortal</key>
			<string>F470EBDB17F11589006FD464</string>
			<key>isa</key>
			<string>PBXContainerItemProxy</string>
			<key>proxyType</key>
			<string>1</string>
			<key>remoteGlobalIDString</key>
			<string>F470EBE217F11589006FD464</string>
			<key>remoteInfo</key>
			<string>telobike</string>
		</dict>
		<key>F470EC0D17F11589006FD464</key>
		<dict>
			<key>isa</key>
			<string>PBXTargetDependency</string>
			<key>target</key>
			<string>F470EBE217F11589006FD464</string>
			<key>targetProxy</key>
			<string>F470EC0C17F11589006FD464</string>
		</dict>
		<key>F470EC0E17F11589006FD464</key>
		<dict>
			<key>children</key>
			<array>
				<string>F470EC1417F11589006FD464</string>
				<string>F470EC0F17F11589006FD464</string>
			</array>
			<key>isa</key>
			<string>PBXGroup</string>
			<key>path</key>
			<string>telobikeTests</string>
			<key>sourceTree</key>
			<string>&lt;group&gt;</string>
		</dict>
		<key>F470EC0F17F11589006FD464</key>
		<dict>
			<key>children</key>
			<array>
				<string>F470EC1017F11589006FD464</string>
				<string>F470EC1117F11589006FD464</string>
			</array>
			<key>isa</key>
			<string>PBXGroup</string>
			<key>name</key>
			<string>Supporting Files</string>
			<key>sourceTree</key>
			<string>&lt;group&gt;</string>
		</dict>
		<key>F470EC1017F11589006FD464</key>
		<dict>
			<key>isa</key>
			<string>PBXFileReference</string>
			<key>lastKnownFileType</key>
			<string>text.plist.xml</string>
			<key>path</key>
			<string>telobikeTests-Info.plist</string>
			<key>sourceTree</key>
			<string>&lt;group&gt;</string>
		</dict>
		<key>F470EC1117F11589006FD464</key>
		<dict>
			<key>children</key>
			<array>
				<string>F470EC1217F11589006FD464</string>
			</array>
			<key>isa</key>
			<string>PBXVariantGroup</string>
			<key>name</key>
			<string>InfoPlist.strings</string>
			<key>sourceTree</key>
			<string>&lt;group&gt;</string>
		</dict>
		<key>F470EC1217F11589006FD464</key>
		<dict>
			<key>isa</key>
			<string>PBXFileReference</string>
			<key>lastKnownFileType</key>
			<string>text.plist.strings</string>
			<key>name</key>
			<string>en</string>
			<key>path</key>
			<string>en.lproj/InfoPlist.strings</string>
			<key>sourceTree</key>
			<string>&lt;group&gt;</string>
		</dict>
		<key>F470EC1317F11589006FD464</key>
		<dict>
			<key>fileRef</key>
			<string>F470EC1117F11589006FD464</string>
			<key>isa</key>
			<string>PBXBuildFile</string>
		</dict>
		<key>F470EC1417F11589006FD464</key>
		<dict>
			<key>isa</key>
			<string>PBXFileReference</string>
			<key>lastKnownFileType</key>
			<string>sourcecode.c.objc</string>
			<key>path</key>
			<string>telobikeTests.m</string>
			<key>sourceTree</key>
			<string>&lt;group&gt;</string>
		</dict>
		<key>F470EC1517F11589006FD464</key>
		<dict>
			<key>fileRef</key>
			<string>F470EC1417F11589006FD464</string>
			<key>isa</key>
			<string>PBXBuildFile</string>
		</dict>
		<key>F470EC1617F11589006FD464</key>
		<dict>
			<key>buildSettings</key>
			<dict>
				<key>ALWAYS_SEARCH_USER_PATHS</key>
				<string>NO</string>
				<key>CLANG_CXX_LANGUAGE_STANDARD</key>
				<string>gnu++0x</string>
				<key>CLANG_CXX_LIBRARY</key>
				<string>libc++</string>
				<key>CLANG_ENABLE_MODULES</key>
				<string>YES</string>
				<key>CLANG_ENABLE_OBJC_ARC</key>
				<string>YES</string>
				<key>CLANG_WARN_BOOL_CONVERSION</key>
				<string>YES</string>
				<key>CLANG_WARN_CONSTANT_CONVERSION</key>
				<string>YES</string>
				<key>CLANG_WARN_DIRECT_OBJC_ISA_USAGE</key>
				<string>YES_ERROR</string>
				<key>CLANG_WARN_EMPTY_BODY</key>
				<string>YES</string>
				<key>CLANG_WARN_ENUM_CONVERSION</key>
				<string>YES</string>
				<key>CLANG_WARN_INT_CONVERSION</key>
				<string>YES</string>
				<key>CLANG_WARN_OBJC_ROOT_CLASS</key>
				<string>YES_ERROR</string>
				<key>CLANG_WARN__DUPLICATE_METHOD_MATCH</key>
				<string>YES</string>
				<key>CODE_SIGN_IDENTITY[sdk=iphoneos*]</key>
				<string>iPhone Developer</string>
				<key>COPY_PHASE_STRIP</key>
				<string>NO</string>
				<key>GCC_C_LANGUAGE_STANDARD</key>
				<string>gnu99</string>
				<key>GCC_DYNAMIC_NO_PIC</key>
				<string>NO</string>
				<key>GCC_OPTIMIZATION_LEVEL</key>
				<string>0</string>
				<key>GCC_PREPROCESSOR_DEFINITIONS</key>
				<array>
					<string>DEBUG=1</string>
					<string>$(inherited)</string>
				</array>
				<key>GCC_SYMBOLS_PRIVATE_EXTERN</key>
				<string>NO</string>
				<key>GCC_WARN_64_TO_32_BIT_CONVERSION</key>
				<string>YES</string>
				<key>GCC_WARN_ABOUT_RETURN_TYPE</key>
				<string>YES_ERROR</string>
				<key>GCC_WARN_UNDECLARED_SELECTOR</key>
				<string>YES</string>
				<key>GCC_WARN_UNINITIALIZED_AUTOS</key>
				<string>YES</string>
				<key>GCC_WARN_UNUSED_FUNCTION</key>
				<string>YES</string>
				<key>GCC_WARN_UNUSED_VARIABLE</key>
				<string>YES</string>
				<key>IPHONEOS_DEPLOYMENT_TARGET</key>
				<string>7.0</string>
				<key>ONLY_ACTIVE_ARCH</key>
				<string>YES</string>
				<key>OTHER_LDFLAGS</key>
				<string>-ObjC</string>
				<key>SDKROOT</key>
				<string>iphoneos</string>
			</dict>
			<key>isa</key>
			<string>XCBuildConfiguration</string>
			<key>name</key>
			<string>Debug</string>
		</dict>
		<key>F470EC1717F11589006FD464</key>
		<dict>
			<key>buildSettings</key>
			<dict>
				<key>ALWAYS_SEARCH_USER_PATHS</key>
				<string>NO</string>
				<key>CLANG_CXX_LANGUAGE_STANDARD</key>
				<string>gnu++0x</string>
				<key>CLANG_CXX_LIBRARY</key>
				<string>libc++</string>
				<key>CLANG_ENABLE_MODULES</key>
				<string>YES</string>
				<key>CLANG_ENABLE_OBJC_ARC</key>
				<string>YES</string>
				<key>CLANG_WARN_BOOL_CONVERSION</key>
				<string>YES</string>
				<key>CLANG_WARN_CONSTANT_CONVERSION</key>
				<string>YES</string>
				<key>CLANG_WARN_DIRECT_OBJC_ISA_USAGE</key>
				<string>YES_ERROR</string>
				<key>CLANG_WARN_EMPTY_BODY</key>
				<string>YES</string>
				<key>CLANG_WARN_ENUM_CONVERSION</key>
				<string>YES</string>
				<key>CLANG_WARN_INT_CONVERSION</key>
				<string>YES</string>
				<key>CLANG_WARN_OBJC_ROOT_CLASS</key>
				<string>YES_ERROR</string>
				<key>CLANG_WARN__DUPLICATE_METHOD_MATCH</key>
				<string>YES</string>
				<key>CODE_SIGN_IDENTITY[sdk=iphoneos*]</key>
				<string>iPhone Developer</string>
				<key>COPY_PHASE_STRIP</key>
				<string>YES</string>
				<key>ENABLE_NS_ASSERTIONS</key>
				<string>NO</string>
				<key>GCC_C_LANGUAGE_STANDARD</key>
				<string>gnu99</string>
				<key>GCC_WARN_64_TO_32_BIT_CONVERSION</key>
				<string>YES</string>
				<key>GCC_WARN_ABOUT_RETURN_TYPE</key>
				<string>YES_ERROR</string>
				<key>GCC_WARN_UNDECLARED_SELECTOR</key>
				<string>YES</string>
				<key>GCC_WARN_UNINITIALIZED_AUTOS</key>
				<string>YES</string>
				<key>GCC_WARN_UNUSED_FUNCTION</key>
				<string>YES</string>
				<key>GCC_WARN_UNUSED_VARIABLE</key>
				<string>YES</string>
				<key>IPHONEOS_DEPLOYMENT_TARGET</key>
				<string>7.0</string>
				<key>OTHER_LDFLAGS</key>
				<string>-ObjC</string>
				<key>SDKROOT</key>
				<string>iphoneos</string>
				<key>VALIDATE_PRODUCT</key>
				<string>YES</string>
			</dict>
			<key>isa</key>
			<string>XCBuildConfiguration</string>
			<key>name</key>
			<string>Release</string>
		</dict>
		<key>F470EC1817F11589006FD464</key>
		<dict>
			<key>buildConfigurations</key>
			<array>
				<string>F470EC1917F11589006FD464</string>
				<string>F470EC1A17F11589006FD464</string>
			</array>
			<key>defaultConfigurationIsVisible</key>
			<string>0</string>
			<key>defaultConfigurationName</key>
			<string>Release</string>
			<key>isa</key>
			<string>XCConfigurationList</string>
		</dict>
		<key>F470EC1917F11589006FD464</key>
		<dict>
			<key>baseConfigurationReference</key>
			<string>598C3DDB4C7E943ABCFAAEFE</string>
			<key>buildSettings</key>
			<dict>
				<key>ASSETCATALOG_COMPILER_APPICON_NAME</key>
				<string>AppIcon</string>
				<key>ASSETCATALOG_COMPILER_LAUNCHIMAGE_NAME</key>
				<string>LaunchImage</string>
				<key>CODE_SIGN_IDENTITY</key>
				<string>iPhone Developer</string>
				<key>FRAMEWORK_SEARCH_PATHS</key>
				<array>
					<string>$(inherited)</string>
					<string>/Users/eladb/src/telobike/ios/telobike</string>
					<string>/Users/eladb/src/telobike/ios/telobike/external</string>
				</array>
				<key>GCC_PRECOMPILE_PREFIX_HEADER</key>
				<string>YES</string>
				<key>GCC_PREFIX_HEADER</key>
				<string>telobike/telobike-Prefix.pch</string>
				<key>INFOPLIST_FILE</key>
				<string>telobike/telobike-Info.plist</string>
				<key>IPHONEOS_DEPLOYMENT_TARGET</key>
				<string>7.0</string>
				<key>LIBRARY_SEARCH_PATHS</key>
				<array>
					<string>$(inherited)</string>
					<string>/Users/eladb/src/telobike/ios/telobike/external</string>
				</array>
				<key>PRODUCT_NAME</key>
				<string>$(TARGET_NAME)</string>
				<key>WRAPPER_EXTENSION</key>
				<string>app</string>
			</dict>
			<key>isa</key>
			<string>XCBuildConfiguration</string>
			<key>name</key>
			<string>Debug</string>
		</dict>
		<key>F470EC1A17F11589006FD464</key>
		<dict>
			<key>baseConfigurationReference</key>
			<string>363C3C1EE1DD487E5D65B046</string>
			<key>buildSettings</key>
			<dict>
				<key>ASSETCATALOG_COMPILER_APPICON_NAME</key>
				<string>AppIcon</string>
				<key>ASSETCATALOG_COMPILER_LAUNCHIMAGE_NAME</key>
				<string>LaunchImage</string>
				<key>CODE_SIGN_IDENTITY</key>
				<string>iPhone Developer</string>
				<key>FRAMEWORK_SEARCH_PATHS</key>
				<array>
					<string>$(inherited)</string>
					<string>/Users/eladb/src/telobike/ios/telobike</string>
					<string>/Users/eladb/src/telobike/ios/telobike/external</string>
				</array>
				<key>GCC_PRECOMPILE_PREFIX_HEADER</key>
				<string>YES</string>
				<key>GCC_PREFIX_HEADER</key>
				<string>telobike/telobike-Prefix.pch</string>
				<key>INFOPLIST_FILE</key>
				<string>telobike/telobike-Info.plist</string>
				<key>IPHONEOS_DEPLOYMENT_TARGET</key>
				<string>7.0</string>
				<key>LIBRARY_SEARCH_PATHS</key>
				<array>
					<string>$(inherited)</string>
					<string>/Users/eladb/src/telobike/ios/telobike/external</string>
				</array>
				<key>PRODUCT_NAME</key>
				<string>$(TARGET_NAME)</string>
				<key>WRAPPER_EXTENSION</key>
				<string>app</string>
			</dict>
			<key>isa</key>
			<string>XCBuildConfiguration</string>
			<key>name</key>
			<string>Release</string>
		</dict>
		<key>F470EC1B17F11589006FD464</key>
		<dict>
			<key>buildConfigurations</key>
			<array>
				<string>F470EC1C17F11589006FD464</string>
				<string>F470EC1D17F11589006FD464</string>
			</array>
			<key>defaultConfigurationIsVisible</key>
			<string>0</string>
			<key>defaultConfigurationName</key>
			<string>Release</string>
			<key>isa</key>
			<string>XCConfigurationList</string>
		</dict>
		<key>F470EC1C17F11589006FD464</key>
		<dict>
			<key>buildSettings</key>
			<dict>
				<key>BUNDLE_LOADER</key>
				<string>$(BUILT_PRODUCTS_DIR)/telobike.app/telobike</string>
				<key>FRAMEWORK_SEARCH_PATHS</key>
				<array>
					<string>$(SDKROOT)/Developer/Library/Frameworks</string>
					<string>$(inherited)</string>
					<string>$(DEVELOPER_FRAMEWORKS_DIR)</string>
				</array>
				<key>GCC_PRECOMPILE_PREFIX_HEADER</key>
				<string>YES</string>
				<key>GCC_PREFIX_HEADER</key>
				<string>telobike/telobike-Prefix.pch</string>
				<key>GCC_PREPROCESSOR_DEFINITIONS</key>
				<array>
					<string>DEBUG=1</string>
					<string>$(inherited)</string>
				</array>
				<key>INFOPLIST_FILE</key>
				<string>telobikeTests/telobikeTests-Info.plist</string>
				<key>PRODUCT_NAME</key>
				<string>$(TARGET_NAME)</string>
				<key>TEST_HOST</key>
				<string>$(BUNDLE_LOADER)</string>
				<key>WRAPPER_EXTENSION</key>
				<string>xctest</string>
			</dict>
			<key>isa</key>
			<string>XCBuildConfiguration</string>
			<key>name</key>
			<string>Debug</string>
		</dict>
		<key>F470EC1D17F11589006FD464</key>
		<dict>
			<key>buildSettings</key>
			<dict>
				<key>BUNDLE_LOADER</key>
				<string>$(BUILT_PRODUCTS_DIR)/telobike.app/telobike</string>
				<key>FRAMEWORK_SEARCH_PATHS</key>
				<array>
					<string>$(SDKROOT)/Developer/Library/Frameworks</string>
					<string>$(inherited)</string>
					<string>$(DEVELOPER_FRAMEWORKS_DIR)</string>
				</array>
				<key>GCC_PRECOMPILE_PREFIX_HEADER</key>
				<string>YES</string>
				<key>GCC_PREFIX_HEADER</key>
				<string>telobike/telobike-Prefix.pch</string>
				<key>INFOPLIST_FILE</key>
				<string>telobikeTests/telobikeTests-Info.plist</string>
				<key>PRODUCT_NAME</key>
				<string>$(TARGET_NAME)</string>
				<key>TEST_HOST</key>
				<string>$(BUNDLE_LOADER)</string>
				<key>WRAPPER_EXTENSION</key>
				<string>xctest</string>
			</dict>
			<key>isa</key>
			<string>XCBuildConfiguration</string>
			<key>name</key>
			<string>Release</string>
		</dict>
		<key>F479287E185CBE9400834E0D</key>
		<dict>
			<key>isa</key>
			<string>PBXFileReference</string>
			<key>lastKnownFileType</key>
			<string>text.plist.strings</string>
			<key>name</key>
			<string>en</string>
			<key>path</key>
			<string>en.lproj/Main.strings</string>
			<key>sourceTree</key>
			<string>&lt;group&gt;</string>
		</dict>
		<key>F4792881185CBF7100834E0D</key>
		<dict>
			<key>fileRef</key>
			<string>F4792883185CBF7100834E0D</string>
			<key>isa</key>
			<string>PBXBuildFile</string>
		</dict>
		<key>F4792882185CBF7100834E0D</key>
		<dict>
			<key>isa</key>
			<string>PBXFileReference</string>
			<key>lastKnownFileType</key>
			<string>text.plist.strings</string>
			<key>name</key>
			<string>Base</string>
			<key>path</key>
			<string>Base.lproj/Localizable.strings</string>
			<key>sourceTree</key>
			<string>&lt;group&gt;</string>
		</dict>
		<key>F4792883185CBF7100834E0D</key>
		<dict>
			<key>children</key>
			<array>
				<string>F4792882185CBF7100834E0D</string>
				<string>F4792884185CBF7500834E0D</string>
			</array>
			<key>isa</key>
			<string>PBXVariantGroup</string>
			<key>name</key>
			<string>Localizable.strings</string>
			<key>sourceTree</key>
			<string>&lt;group&gt;</string>
		</dict>
		<key>F4792884185CBF7500834E0D</key>
		<dict>
			<key>isa</key>
			<string>PBXFileReference</string>
			<key>lastKnownFileType</key>
			<string>text.plist.strings</string>
			<key>name</key>
			<string>en</string>
			<key>path</key>
			<string>en.lproj/Localizable.strings</string>
			<key>sourceTree</key>
			<string>&lt;group&gt;</string>
		</dict>
		<key>F47B5CBE17F1293600D88614</key>
		<dict>
			<key>fileEncoding</key>
			<string>4</string>
			<key>isa</key>
			<string>PBXFileReference</string>
			<key>lastKnownFileType</key>
			<string>sourcecode.c.h</string>
			<key>path</key>
			<string>TBFavorites.h</string>
			<key>sourceTree</key>
			<string>&lt;group&gt;</string>
		</dict>
		<key>F47B5CBF17F1293600D88614</key>
		<dict>
			<key>fileEncoding</key>
			<string>4</string>
			<key>isa</key>
			<string>PBXFileReference</string>
			<key>lastKnownFileType</key>
			<string>sourcecode.c.objc</string>
			<key>path</key>
			<string>TBFavorites.m</string>
			<key>sourceTree</key>
			<string>&lt;group&gt;</string>
		</dict>
		<key>F47B5CC017F1293600D88614</key>
		<dict>
			<key>fileRef</key>
			<string>F47B5CBF17F1293600D88614</string>
			<key>isa</key>
			<string>PBXBuildFile</string>
		</dict>
		<key>F47B5CC617F655EC00D88614</key>
		<dict>
			<key>fileEncoding</key>
			<string>4</string>
			<key>isa</key>
			<string>PBXFileReference</string>
			<key>lastKnownFileType</key>
			<string>sourcecode.c.h</string>
			<key>path</key>
			<string>TBStationTableViewCell.h</string>
			<key>sourceTree</key>
			<string>&lt;group&gt;</string>
		</dict>
		<key>F47B5CC717F655EC00D88614</key>
		<dict>
			<key>fileEncoding</key>
			<string>4</string>
			<key>isa</key>
			<string>PBXFileReference</string>
			<key>lastKnownFileType</key>
			<string>sourcecode.c.objc</string>
			<key>path</key>
			<string>TBStationTableViewCell.m</string>
			<key>sourceTree</key>
			<string>&lt;group&gt;</string>
		</dict>
		<key>F47B5CC817F655EC00D88614</key>
		<dict>
			<key>fileRef</key>
			<string>F47B5CC717F655EC00D88614</string>
			<key>isa</key>
			<string>PBXBuildFile</string>
		</dict>
		<key>F47B5CC917F65DAC00D88614</key>
		<dict>
			<key>fileEncoding</key>
			<string>4</string>
			<key>isa</key>
			<string>PBXFileReference</string>
			<key>lastKnownFileType</key>
			<string>sourcecode.c.h</string>
			<key>path</key>
			<string>TBServer.h</string>
			<key>sourceTree</key>
			<string>&lt;group&gt;</string>
		</dict>
		<key>F47B5CCA17F65DAC00D88614</key>
		<dict>
			<key>fileEncoding</key>
			<string>4</string>
			<key>isa</key>
			<string>PBXFileReference</string>
			<key>lastKnownFileType</key>
			<string>sourcecode.c.objc</string>
			<key>path</key>
			<string>TBServer.m</string>
			<key>sourceTree</key>
			<string>&lt;group&gt;</string>
		</dict>
		<key>F47B5CCB17F65DAC00D88614</key>
		<dict>
			<key>fileRef</key>
			<string>F47B5CCA17F65DAC00D88614</string>
			<key>isa</key>
			<string>PBXBuildFile</string>
		</dict>
		<key>F47B5CCC17F6675B00D88614</key>
		<dict>
			<key>fileEncoding</key>
			<string>4</string>
			<key>isa</key>
			<string>PBXFileReference</string>
			<key>lastKnownFileType</key>
			<string>sourcecode.c.h</string>
			<key>path</key>
			<string>TBCity.h</string>
			<key>sourceTree</key>
			<string>&lt;group&gt;</string>
		</dict>
		<key>F47B5CCD17F6675B00D88614</key>
		<dict>
			<key>fileEncoding</key>
			<string>4</string>
			<key>isa</key>
			<string>PBXFileReference</string>
			<key>lastKnownFileType</key>
			<string>sourcecode.c.objc</string>
			<key>path</key>
			<string>TBCity.m</string>
			<key>sourceTree</key>
			<string>&lt;group&gt;</string>
		</dict>
		<key>F47B5CCE17F6675B00D88614</key>
		<dict>
			<key>fileRef</key>
			<string>F47B5CCD17F6675B00D88614</string>
			<key>isa</key>
			<string>PBXBuildFile</string>
		</dict>
		<key>F47B5CCF17F6687B00D88614</key>
		<dict>
			<key>children</key>
			<array>
				<string>F47B5CC917F65DAC00D88614</string>
				<string>F47B5CCA17F65DAC00D88614</string>
				<string>F47B5CCC17F6675B00D88614</string>
				<string>F47B5CCD17F6675B00D88614</string>
				<string>F42E60B617F123060099A1D0</string>
				<string>F42E60B717F123060099A1D0</string>
				<string>F47B5CBE17F1293600D88614</string>
				<string>F47B5CBF17F1293600D88614</string>
			</array>
			<key>isa</key>
			<string>PBXGroup</string>
			<key>name</key>
			<string>data model</string>
			<key>sourceTree</key>
			<string>&lt;group&gt;</string>
		</dict>
		<key>F47B5CD017F6689400D88614</key>
		<dict>
			<key>children</key>
			<array>
				<string>F40A96291910FE5D00E559D3</string>
				<string>F40A962A1910FE5D00E559D3</string>
				<string>F47B5D0017F797DA00D88614</string>
				<string>F47B5D0117F797DA00D88614</string>
				<string>F42E60B917F123590099A1D0</string>
				<string>F42E60BA17F123590099A1D0</string>
				<string>F47B5CED17F6D43C00D88614</string>
				<string>F47B5CEE17F6D43C00D88614</string>
				<string>F498A0291851450F003BD3A6</string>
				<string>F498A02A1851450F003BD3A6</string>
				<string>F437D5CA1858896F00E1381B</string>
				<string>F437D5CB1858896F00E1381B</string>
				<string>F40C943E1858CFF800B64908</string>
				<string>F40C943F1858CFF800B64908</string>
				<string>F4C3484C185CC7B900C0EF4D</string>
				<string>F4C3484D185CC7B900C0EF4D</string>
				<string>F4AF499A189902F30045612D</string>
				<string>F4AF499B189902F30045612D</string>
				<string>F4AF499D189904790045612D</string>
				<string>F4AF499E189904790045612D</string>
			</array>
			<key>isa</key>
			<string>PBXGroup</string>
			<key>name</key>
			<string>utils</string>
			<key>sourceTree</key>
			<string>&lt;group&gt;</string>
		</dict>
		<key>F47B5CD117F668B000D88614</key>
		<dict>
			<key>children</key>
			<array>
				<string>F42E60AC17F11A2C0099A1D0</string>
				<string>F42E60AD17F11A2C0099A1D0</string>
				<string>F47B5CC617F655EC00D88614</string>
				<string>F47B5CC717F655EC00D88614</string>
				<string>F49D8E841850DAF300D7413E</string>
				<string>F42FCA0917FD6A3F00E24D50</string>
				<string>F42FCA0A17FD6A3F00E24D50</string>
				<string>F42FCA0F17FE52F700E24D50</string>
				<string>F42FCA1017FE52F700E24D50</string>
			</array>
			<key>isa</key>
			<string>PBXGroup</string>
			<key>name</key>
			<string>list</string>
			<key>sourceTree</key>
			<string>&lt;group&gt;</string>
		</dict>
		<key>F47B5CD217F668BE00D88614</key>
		<dict>
			<key>children</key>
			<array>
				<string>F4EE1E7317FEF582002F8A62</string>
				<string>F470EBFE17F11589006FD464</string>
				<string>F470EBFF17F11589006FD464</string>
				<string>F421E304180D8BB100213902</string>
				<string>F421E305180D8BB100213902</string>
				<string>F4B081BD1853D43C00DC272A</string>
				<string>F4B081BE1853D43C00DC272A</string>
			</array>
			<key>isa</key>
			<string>PBXGroup</string>
			<key>name</key>
			<string>map</string>
			<key>sourceTree</key>
			<string>&lt;group&gt;</string>
		</dict>
		<key>F47B5CD617F6B37F00D88614</key>
		<dict>
			<key>fileEncoding</key>
			<string>4</string>
			<key>isa</key>
			<string>PBXFileReference</string>
			<key>lastKnownFileType</key>
			<string>sourcecode.c.h</string>
			<key>path</key>
			<string>TBNavigationController.h</string>
			<key>sourceTree</key>
			<string>&lt;group&gt;</string>
		</dict>
		<key>F47B5CD717F6B37F00D88614</key>
		<dict>
			<key>fileEncoding</key>
			<string>4</string>
			<key>isa</key>
			<string>PBXFileReference</string>
			<key>lastKnownFileType</key>
			<string>sourcecode.c.objc</string>
			<key>path</key>
			<string>TBNavigationController.m</string>
			<key>sourceTree</key>
			<string>&lt;group&gt;</string>
		</dict>
		<key>F47B5CD817F6B37F00D88614</key>
		<dict>
			<key>fileRef</key>
			<string>F47B5CD717F6B37F00D88614</string>
			<key>isa</key>
			<string>PBXBuildFile</string>
		</dict>
		<key>F47B5CDC17F6C7C800D88614</key>
		<dict>
			<key>children</key>
			<array>
				<string>F47B5CDD17F6C7E100D88614</string>
				<string>F47B5CDE17F6C7E100D88614</string>
				<string>F47B5CE217F6CAF200D88614</string>
				<string>F47B5CE317F6CAF200D88614</string>
				<string>F47B5CE517F6CC3000D88614</string>
				<string>F47B5CE617F6CC3000D88614</string>
			</array>
			<key>isa</key>
			<string>PBXGroup</string>
			<key>name</key>
			<string>feedback</string>
			<key>sourceTree</key>
			<string>&lt;group&gt;</string>
		</dict>
		<key>F47B5CDD17F6C7E100D88614</key>
		<dict>
			<key>fileEncoding</key>
			<string>4</string>
			<key>isa</key>
			<string>PBXFileReference</string>
			<key>lastKnownFileType</key>
			<string>sourcecode.c.h</string>
			<key>path</key>
			<string>TBFeedbackActionSheet.h</string>
			<key>sourceTree</key>
			<string>&lt;group&gt;</string>
		</dict>
		<key>F47B5CDE17F6C7E100D88614</key>
		<dict>
			<key>fileEncoding</key>
			<string>4</string>
			<key>isa</key>
			<string>PBXFileReference</string>
			<key>lastKnownFileType</key>
			<string>sourcecode.c.objc</string>
			<key>path</key>
			<string>TBFeedbackActionSheet.m</string>
			<key>sourceTree</key>
			<string>&lt;group&gt;</string>
		</dict>
		<key>F47B5CDF17F6C7E100D88614</key>
		<dict>
			<key>fileRef</key>
			<string>F47B5CDE17F6C7E100D88614</string>
			<key>isa</key>
			<string>PBXBuildFile</string>
		</dict>
		<key>F47B5CE017F6C97100D88614</key>
		<dict>
			<key>isa</key>
			<string>PBXFileReference</string>
			<key>lastKnownFileType</key>
			<string>wrapper.framework</string>
			<key>name</key>
			<string>MessageUI.framework</string>
			<key>path</key>
			<string>System/Library/Frameworks/MessageUI.framework</string>
			<key>sourceTree</key>
			<string>SDKROOT</string>
		</dict>
		<key>F47B5CE117F6C97100D88614</key>
		<dict>
			<key>fileRef</key>
			<string>F47B5CE017F6C97100D88614</string>
			<key>isa</key>
			<string>PBXBuildFile</string>
		</dict>
		<key>F47B5CE217F6CAF200D88614</key>
		<dict>
			<key>fileEncoding</key>
			<string>4</string>
			<key>isa</key>
			<string>PBXFileReference</string>
			<key>lastKnownFileType</key>
			<string>sourcecode.c.h</string>
			<key>path</key>
			<string>MFMailComposeViewController+Feedback.h</string>
			<key>sourceTree</key>
			<string>&lt;group&gt;</string>
		</dict>
		<key>F47B5CE317F6CAF200D88614</key>
		<dict>
			<key>fileEncoding</key>
			<string>4</string>
			<key>isa</key>
			<string>PBXFileReference</string>
			<key>lastKnownFileType</key>
			<string>sourcecode.c.objc</string>
			<key>path</key>
			<string>MFMailComposeViewController+Feedback.m</string>
			<key>sourceTree</key>
			<string>&lt;group&gt;</string>
		</dict>
		<key>F47B5CE417F6CAF200D88614</key>
		<dict>
			<key>fileRef</key>
			<string>F47B5CE317F6CAF200D88614</string>
			<key>isa</key>
			<string>PBXBuildFile</string>
		</dict>
		<key>F47B5CE517F6CC3000D88614</key>
		<dict>
			<key>fileEncoding</key>
			<string>4</string>
			<key>isa</key>
			<string>PBXFileReference</string>
			<key>lastKnownFileType</key>
			<string>sourcecode.c.h</string>
			<key>path</key>
			<string>TBFeedbackMailComposeViewController.h</string>
			<key>sourceTree</key>
			<string>&lt;group&gt;</string>
		</dict>
		<key>F47B5CE617F6CC3000D88614</key>
		<dict>
			<key>fileEncoding</key>
			<string>4</string>
			<key>isa</key>
			<string>PBXFileReference</string>
			<key>lastKnownFileType</key>
			<string>sourcecode.c.objc</string>
			<key>path</key>
			<string>TBFeedbackMailComposeViewController.m</string>
			<key>sourceTree</key>
			<string>&lt;group&gt;</string>
		</dict>
		<key>F47B5CE717F6CC3000D88614</key>
		<dict>
			<key>fileRef</key>
			<string>F47B5CE617F6CC3000D88614</string>
			<key>isa</key>
			<string>PBXBuildFile</string>
		</dict>
		<key>F47B5CED17F6D43C00D88614</key>
		<dict>
			<key>fileEncoding</key>
			<string>4</string>
			<key>isa</key>
			<string>PBXFileReference</string>
			<key>lastKnownFileType</key>
			<string>sourcecode.c.h</string>
			<key>path</key>
			<string>NSBundle+View.h</string>
			<key>sourceTree</key>
			<string>&lt;group&gt;</string>
		</dict>
		<key>F47B5CEE17F6D43C00D88614</key>
		<dict>
			<key>fileEncoding</key>
			<string>4</string>
			<key>isa</key>
			<string>PBXFileReference</string>
			<key>lastKnownFileType</key>
			<string>sourcecode.c.objc</string>
			<key>path</key>
			<string>NSBundle+View.m</string>
			<key>sourceTree</key>
			<string>&lt;group&gt;</string>
		</dict>
		<key>F47B5CEF17F6D43C00D88614</key>
		<dict>
			<key>fileRef</key>
			<string>F47B5CEE17F6D43C00D88614</string>
			<key>isa</key>
			<string>PBXBuildFile</string>
		</dict>
		<key>F47B5CF017F6D9BB00D88614</key>
		<dict>
			<key>isa</key>
			<string>PBXFileReference</string>
			<key>lastKnownFileType</key>
			<string>wrapper.framework</string>
			<key>name</key>
			<string>QuartzCore.framework</string>
			<key>path</key>
			<string>System/Library/Frameworks/QuartzCore.framework</string>
			<key>sourceTree</key>
			<string>SDKROOT</string>
		</dict>
		<key>F47B5CF117F6D9BB00D88614</key>
		<dict>
			<key>fileRef</key>
			<string>F47B5CF017F6D9BB00D88614</string>
			<key>isa</key>
			<string>PBXBuildFile</string>
		</dict>
		<key>F47B5D0017F797DA00D88614</key>
		<dict>
			<key>fileEncoding</key>
			<string>4</string>
			<key>isa</key>
			<string>PBXFileReference</string>
			<key>lastKnownFileType</key>
			<string>sourcecode.c.h</string>
			<key>path</key>
			<string>UIColor+Style.h</string>
			<key>sourceTree</key>
			<string>&lt;group&gt;</string>
		</dict>
		<key>F47B5D0117F797DA00D88614</key>
		<dict>
			<key>fileEncoding</key>
			<string>4</string>
			<key>isa</key>
			<string>PBXFileReference</string>
			<key>lastKnownFileType</key>
			<string>sourcecode.c.objc</string>
			<key>path</key>
			<string>UIColor+Style.m</string>
			<key>sourceTree</key>
			<string>&lt;group&gt;</string>
		</dict>
		<key>F47B5D0217F797DA00D88614</key>
		<dict>
			<key>fileRef</key>
			<string>F47B5D0117F797DA00D88614</string>
			<key>isa</key>
			<string>PBXBuildFile</string>
		</dict>
		<key>F47B5D0F17F7CFB700D88614</key>
		<dict>
			<key>isa</key>
			<string>PBXFileReference</string>
			<key>lastKnownFileType</key>
			<string>wrapper.framework</string>
			<key>name</key>
			<string>ImageIO.framework</string>
			<key>path</key>
			<string>System/Library/Frameworks/ImageIO.framework</string>
			<key>sourceTree</key>
			<string>SDKROOT</string>
		</dict>
		<key>F48870B418994B6E00AA1143</key>
		<dict>
			<key>buildActionMask</key>
			<string>2147483647</string>
			<key>files</key>
			<array/>
			<key>inputPaths</key>
			<array/>
			<key>isa</key>
			<string>PBXShellScriptBuildPhase</string>
			<key>outputPaths</key>
			<array/>
			<key>runOnlyForDeploymentPostprocessing</key>
			<string>0</string>
			<key>shellPath</key>
			<string>/bin/sh</string>
			<key>shellScript</key>
			<string>external/Crashlytics.framework/run d164a3f45648ccbfa001f8958d403135d23a4dbf</string>
		</dict>
		<key>F498A02518514054003BD3A6</key>
		<dict>
			<key>fileEncoding</key>
			<string>4</string>
			<key>isa</key>
			<string>PBXFileReference</string>
			<key>lastKnownFileType</key>
			<string>sourcecode.c.h</string>
			<key>name</key>
			<string>TBFavoritesViewController.h</string>
			<key>path</key>
			<string>telobike/TBFavoritesViewController.h</string>
			<key>sourceTree</key>
			<string>&lt;group&gt;</string>
		</dict>
		<key>F498A02618514054003BD3A6</key>
		<dict>
			<key>fileEncoding</key>
			<string>4</string>
			<key>isa</key>
			<string>PBXFileReference</string>
			<key>lastKnownFileType</key>
			<string>sourcecode.c.objc</string>
			<key>name</key>
			<string>TBFavoritesViewController.m</string>
			<key>path</key>
			<string>telobike/TBFavoritesViewController.m</string>
			<key>sourceTree</key>
			<string>&lt;group&gt;</string>
		</dict>
		<key>F498A02718514054003BD3A6</key>
		<dict>
			<key>fileRef</key>
			<string>F498A02618514054003BD3A6</string>
			<key>isa</key>
			<string>PBXBuildFile</string>
		</dict>
		<key>F498A02818514059003BD3A6</key>
		<dict>
			<key>children</key>
			<array>
				<string>F4AF49981896C91E0045612D</string>
				<string>F498A02518514054003BD3A6</string>
				<string>F498A02618514054003BD3A6</string>
			</array>
			<key>isa</key>
			<string>PBXGroup</string>
			<key>name</key>
			<string>favorites</string>
			<key>path</key>
			<string>..</string>
			<key>sourceTree</key>
			<string>&lt;group&gt;</string>
		</dict>
		<key>F498A0291851450F003BD3A6</key>
		<dict>
			<key>fileEncoding</key>
			<string>4</string>
			<key>isa</key>
			<string>PBXFileReference</string>
			<key>lastKnownFileType</key>
			<string>sourcecode.c.h</string>
			<key>path</key>
			<string>TBTransparentToolbar.h</string>
			<key>sourceTree</key>
			<string>&lt;group&gt;</string>
		</dict>
		<key>F498A02A1851450F003BD3A6</key>
		<dict>
			<key>fileEncoding</key>
			<string>4</string>
			<key>isa</key>
			<string>PBXFileReference</string>
			<key>lastKnownFileType</key>
			<string>sourcecode.c.objc</string>
			<key>path</key>
			<string>TBTransparentToolbar.m</string>
			<key>sourceTree</key>
			<string>&lt;group&gt;</string>
		</dict>
		<key>F498A02B1851450F003BD3A6</key>
		<dict>
			<key>fileRef</key>
			<string>F498A02A1851450F003BD3A6</string>
			<key>isa</key>
			<string>PBXBuildFile</string>
		</dict>
		<key>F498A0741851B3FC003BD3A6</key>
		<dict>
			<key>children</key>
			<array>
				<string>F4ED06A8189A4617000CA56B</string>
				<string>F4AF49891896C4DA0045612D</string>
				<string>F498A0A61851B44A003BD3A6</string>
			</array>
			<key>isa</key>
			<string>PBXGroup</string>
			<key>path</key>
			<string>external</string>
			<key>sourceTree</key>
			<string>&lt;group&gt;</string>
		</dict>
		<key>F498A0A61851B44A003BD3A6</key>
		<dict>
			<key>children</key>
			<array>
				<string>F498A0A71851B44A003BD3A6</string>
				<string>F498A0A81851B44A003BD3A6</string>
				<string>F498A0A91851B44A003BD3A6</string>
				<string>F498A0AA1851B44A003BD3A6</string>
			</array>
			<key>isa</key>
			<string>PBXGroup</string>
			<key>name</key>
			<string>JNJGoogleMapsActivity</string>
			<key>path</key>
			<string>JNJGoogleMapsActivity/JNJGoogleMapsActivity</string>
			<key>sourceTree</key>
			<string>&lt;group&gt;</string>
		</dict>
		<key>F498A0A71851B44A003BD3A6</key>
		<dict>
			<key>fileEncoding</key>
			<string>4</string>
			<key>isa</key>
			<string>PBXFileReference</string>
			<key>lastKnownFileType</key>
			<string>sourcecode.c.h</string>
			<key>path</key>
			<string>JNJGoogleMapsActivity.h</string>
			<key>sourceTree</key>
			<string>&lt;group&gt;</string>
		</dict>
		<key>F498A0A81851B44A003BD3A6</key>
		<dict>
			<key>fileEncoding</key>
			<string>4</string>
			<key>isa</key>
			<string>PBXFileReference</string>
			<key>lastKnownFileType</key>
			<string>sourcecode.c.objc</string>
			<key>path</key>
			<string>JNJGoogleMapsActivity.m</string>
			<key>sourceTree</key>
			<string>&lt;group&gt;</string>
		</dict>
		<key>F498A0A91851B44A003BD3A6</key>
		<dict>
			<key>isa</key>
			<string>PBXFileReference</string>
			<key>lastKnownFileType</key>
			<string>image.png</string>
			<key>path</key>
			<string>JNJGoogleMapsActivityMask.png</string>
			<key>sourceTree</key>
			<string>&lt;group&gt;</string>
		</dict>
		<key>F498A0AA1851B44A003BD3A6</key>
		<dict>
			<key>isa</key>
			<string>PBXFileReference</string>
			<key>lastKnownFileType</key>
			<string>image.png</string>
			<key>path</key>
			<string>JNJGoogleMapsActivityMask@2x.png</string>
			<key>sourceTree</key>
			<string>&lt;group&gt;</string>
		</dict>
		<key>F498A0AB1851B44A003BD3A6</key>
		<dict>
			<key>fileRef</key>
			<string>F498A0A81851B44A003BD3A6</string>
			<key>isa</key>
			<string>PBXBuildFile</string>
		</dict>
		<key>F498A0AC1851B44A003BD3A6</key>
		<dict>
			<key>fileRef</key>
			<string>F498A0A91851B44A003BD3A6</string>
			<key>isa</key>
			<string>PBXBuildFile</string>
		</dict>
		<key>F498A0AD1851B44A003BD3A6</key>
		<dict>
			<key>fileRef</key>
			<string>F498A0AA1851B44A003BD3A6</string>
			<key>isa</key>
			<string>PBXBuildFile</string>
		</dict>
		<key>F49D8E841850DAF300D7413E</key>
		<dict>
			<key>fileEncoding</key>
			<string>4</string>
			<key>isa</key>
			<string>PBXFileReference</string>
			<key>lastKnownFileType</key>
			<string>file.xib</string>
			<key>path</key>
			<string>TBStationTableViewCell.xib</string>
			<key>sourceTree</key>
			<string>&lt;group&gt;</string>
		</dict>
		<key>F49D8E851850DAF300D7413E</key>
		<dict>
			<key>fileRef</key>
			<string>F49D8E841850DAF300D7413E</string>
			<key>isa</key>
			<string>PBXBuildFile</string>
		</dict>
		<key>F4AF49821896B4C00045612D</key>
		<dict>
			<key>fileEncoding</key>
			<string>4</string>
			<key>isa</key>
			<string>PBXFileReference</string>
			<key>lastKnownFileType</key>
			<string>file.xib</string>
			<key>path</key>
			<string>TBSearchResultTableViewCell.xib</string>
			<key>sourceTree</key>
			<string>&lt;group&gt;</string>
		</dict>
		<key>F4AF49831896B4C00045612D</key>
		<dict>
			<key>fileRef</key>
			<string>F4AF49821896B4C00045612D</string>
			<key>isa</key>
			<string>PBXBuildFile</string>
		</dict>
		<key>F4AF49841896B4D30045612D</key>
		<dict>
			<key>fileEncoding</key>
			<string>4</string>
			<key>isa</key>
			<string>PBXFileReference</string>
			<key>lastKnownFileType</key>
			<string>sourcecode.c.h</string>
			<key>path</key>
			<string>TBSearchResultTableViewCell.h</string>
			<key>sourceTree</key>
			<string>&lt;group&gt;</string>
		</dict>
		<key>F4AF49851896B4D30045612D</key>
		<dict>
			<key>fileEncoding</key>
			<string>4</string>
			<key>isa</key>
			<string>PBXFileReference</string>
			<key>lastKnownFileType</key>
			<string>sourcecode.c.objc</string>
			<key>path</key>
			<string>TBSearchResultTableViewCell.m</string>
			<key>sourceTree</key>
			<string>&lt;group&gt;</string>
		</dict>
		<key>F4AF49861896B4D30045612D</key>
		<dict>
			<key>fileRef</key>
			<string>F4AF49851896B4D30045612D</string>
			<key>isa</key>
			<string>PBXBuildFile</string>
		</dict>
		<key>F4AF49891896C4DA0045612D</key>
		<dict>
			<key>children</key>
			<array>
				<string>F4AF498A1896C4E40045612D</string>
				<string>F4AF498B1896C4E40045612D</string>
				<string>F4AF498C1896C4E40045612D</string>
				<string>F4AF498D1896C4E40045612D</string>
				<string>F4AF498E1896C4E40045612D</string>
				<string>F4AF498F1896C4E40045612D</string>
			</array>
			<key>isa</key>
			<string>PBXGroup</string>
			<key>name</key>
			<string>TestFlightSDK</string>
			<key>sourceTree</key>
			<string>&lt;group&gt;</string>
		</dict>
		<key>F4AF498A1896C4E40045612D</key>
		<dict>
			<key>isa</key>
			<string>PBXFileReference</string>
			<key>lastKnownFileType</key>
			<string>archive.ar</string>
			<key>path</key>
			<string>libTestFlight.a</string>
			<key>sourceTree</key>
			<string>&lt;group&gt;</string>
		</dict>
		<key>F4AF498B1896C4E40045612D</key>
		<dict>
			<key>fileEncoding</key>
			<string>4</string>
			<key>isa</key>
			<string>PBXFileReference</string>
			<key>lastKnownFileType</key>
			<string>text</string>
			<key>path</key>
			<string>README.md</string>
			<key>sourceTree</key>
			<string>&lt;group&gt;</string>
		</dict>
		<key>F4AF498C1896C4E40045612D</key>
		<dict>
			<key>fileEncoding</key>
			<string>4</string>
			<key>isa</key>
			<string>PBXFileReference</string>
			<key>lastKnownFileType</key>
			<string>text</string>
			<key>path</key>
			<string>release_notes.md</string>
			<key>sourceTree</key>
			<string>&lt;group&gt;</string>
		</dict>
		<key>F4AF498D1896C4E40045612D</key>
		<dict>
			<key>fileEncoding</key>
			<string>4</string>
			<key>isa</key>
			<string>PBXFileReference</string>
			<key>lastKnownFileType</key>
			<string>sourcecode.c.h</string>
			<key>path</key>
			<string>TestFlight.h</string>
			<key>sourceTree</key>
			<string>&lt;group&gt;</string>
		</dict>
		<key>F4AF498E1896C4E40045612D</key>
		<dict>
			<key>fileEncoding</key>
			<string>4</string>
			<key>isa</key>
			<string>PBXFileReference</string>
			<key>lastKnownFileType</key>
			<string>sourcecode.c.h</string>
			<key>path</key>
			<string>TestFlight+AsyncLogging.h</string>
			<key>sourceTree</key>
			<string>&lt;group&gt;</string>
		</dict>
		<key>F4AF498F1896C4E40045612D</key>
		<dict>
			<key>fileEncoding</key>
			<string>4</string>
			<key>isa</key>
			<string>PBXFileReference</string>
			<key>lastKnownFileType</key>
			<string>sourcecode.c.h</string>
			<key>path</key>
			<string>TestFlight+ManualSessions.h</string>
			<key>sourceTree</key>
			<string>&lt;group&gt;</string>
		</dict>
		<key>F4AF49901896C4E40045612D</key>
		<dict>
			<key>fileRef</key>
			<string>F4AF498A1896C4E40045612D</string>
			<key>isa</key>
			<string>PBXBuildFile</string>
		</dict>
		<key>F4AF49911896C4E40045612D</key>
		<dict>
			<key>fileRef</key>
			<string>F4AF498B1896C4E40045612D</string>
			<key>isa</key>
			<string>PBXBuildFile</string>
		</dict>
		<key>F4AF49921896C4E40045612D</key>
		<dict>
			<key>fileRef</key>
			<string>F4AF498C1896C4E40045612D</string>
			<key>isa</key>
			<string>PBXBuildFile</string>
		</dict>
		<key>F4AF49931896C9100045612D</key>
		<dict>
			<key>isa</key>
			<string>PBXFileReference</string>
			<key>lastKnownFileType</key>
			<string>audio.wav</string>
			<key>name</key>
			<string>bikebell.wav</string>
			<key>path</key>
			<string>telobike/bikebell.wav</string>
			<key>sourceTree</key>
			<string>&lt;group&gt;</string>
		</dict>
		<key>F4AF49941896C9100045612D</key>
		<dict>
			<key>fileEncoding</key>
			<string>4</string>
			<key>isa</key>
			<string>PBXFileReference</string>
			<key>lastKnownFileType</key>
			<string>sourcecode.c.h</string>
			<key>name</key>
			<string>TBTimerViewController.h</string>
			<key>path</key>
			<string>telobike/TBTimerViewController.h</string>
			<key>sourceTree</key>
			<string>&lt;group&gt;</string>
		</dict>
		<key>F4AF49951896C9100045612D</key>
		<dict>
			<key>fileEncoding</key>
			<string>4</string>
			<key>isa</key>
			<string>PBXFileReference</string>
			<key>lastKnownFileType</key>
			<string>sourcecode.c.objc</string>
			<key>name</key>
			<string>TBTimerViewController.m</string>
			<key>path</key>
			<string>telobike/TBTimerViewController.m</string>
			<key>sourceTree</key>
			<string>&lt;group&gt;</string>
		</dict>
		<key>F4AF49961896C9100045612D</key>
		<dict>
			<key>fileRef</key>
			<string>F4AF49931896C9100045612D</string>
			<key>isa</key>
			<string>PBXBuildFile</string>
		</dict>
		<key>F4AF49971896C9100045612D</key>
		<dict>
			<key>fileRef</key>
			<string>F4AF49951896C9100045612D</string>
			<key>isa</key>
			<string>PBXBuildFile</string>
		</dict>
		<key>F4AF49981896C91E0045612D</key>
		<dict>
			<key>fileEncoding</key>
			<string>4</string>
			<key>isa</key>
			<string>PBXFileReference</string>
			<key>lastKnownFileType</key>
			<string>file.xib</string>
			<key>name</key>
			<string>NoFavoritesView.xib</string>
			<key>path</key>
			<string>telobike/NoFavoritesView.xib</string>
			<key>sourceTree</key>
			<string>&lt;group&gt;</string>
		</dict>
		<key>F4AF49991896C91E0045612D</key>
		<dict>
			<key>fileRef</key>
			<string>F4AF49981896C91E0045612D</string>
			<key>isa</key>
			<string>PBXBuildFile</string>
		</dict>
		<key>F4AF499A189902F30045612D</key>
		<dict>
			<key>fileEncoding</key>
			<string>4</string>
			<key>isa</key>
			<string>PBXFileReference</string>
			<key>lastKnownFileType</key>
			<string>sourcecode.c.h</string>
			<key>path</key>
			<string>UIAlertView+Blocks.h</string>
			<key>sourceTree</key>
			<string>&lt;group&gt;</string>
		</dict>
		<key>F4AF499B189902F30045612D</key>
		<dict>
			<key>fileEncoding</key>
			<string>4</string>
			<key>isa</key>
			<string>PBXFileReference</string>
			<key>lastKnownFileType</key>
			<string>sourcecode.c.objc</string>
			<key>path</key>
			<string>UIAlertView+Blocks.m</string>
			<key>sourceTree</key>
			<string>&lt;group&gt;</string>
		</dict>
		<key>F4AF499C189902F30045612D</key>
		<dict>
			<key>fileRef</key>
			<string>F4AF499B189902F30045612D</string>
			<key>isa</key>
			<string>PBXBuildFile</string>
		</dict>
		<key>F4AF499D189904790045612D</key>
		<dict>
			<key>fileEncoding</key>
			<string>4</string>
			<key>isa</key>
			<string>PBXFileReference</string>
			<key>lastKnownFileType</key>
			<string>sourcecode.c.h</string>
			<key>path</key>
			<string>NSUserDefaults+OneOff.h</string>
			<key>sourceTree</key>
			<string>&lt;group&gt;</string>
		</dict>
		<key>F4AF499E189904790045612D</key>
		<dict>
			<key>fileEncoding</key>
			<string>4</string>
			<key>isa</key>
			<string>PBXFileReference</string>
			<key>lastKnownFileType</key>
			<string>sourcecode.c.objc</string>
			<key>path</key>
			<string>NSUserDefaults+OneOff.m</string>
			<key>sourceTree</key>
			<string>&lt;group&gt;</string>
		</dict>
		<key>F4AF499F189904790045612D</key>
		<dict>
			<key>fileRef</key>
			<string>F4AF499E189904790045612D</string>
			<key>isa</key>
			<string>PBXBuildFile</string>
		</dict>
		<key>F4B081BD1853D43C00DC272A</key>
		<dict>
			<key>fileEncoding</key>
			<string>4</string>
			<key>isa</key>
			<string>PBXFileReference</string>
			<key>lastKnownFileType</key>
			<string>sourcecode.c.h</string>
			<key>path</key>
			<string>TBPlacemarkAnnotation.h</string>
			<key>sourceTree</key>
			<string>&lt;group&gt;</string>
		</dict>
		<key>F4B081BE1853D43C00DC272A</key>
		<dict>
			<key>fileEncoding</key>
			<string>4</string>
			<key>isa</key>
			<string>PBXFileReference</string>
			<key>lastKnownFileType</key>
			<string>sourcecode.c.objc</string>
			<key>path</key>
			<string>TBPlacemarkAnnotation.m</string>
			<key>sourceTree</key>
			<string>&lt;group&gt;</string>
		</dict>
		<key>F4B081BF1853D43C00DC272A</key>
		<dict>
			<key>fileRef</key>
			<string>F4B081BE1853D43C00DC272A</string>
			<key>isa</key>
			<string>PBXBuildFile</string>
		</dict>
		<key>F4C3484C185CC7B900C0EF4D</key>
		<dict>
			<key>fileEncoding</key>
			<string>4</string>
			<key>isa</key>
			<string>PBXFileReference</string>
			<key>lastKnownFileType</key>
			<string>sourcecode.c.h</string>
			<key>path</key>
			<string>UIViewController+GAI.h</string>
			<key>sourceTree</key>
			<string>&lt;group&gt;</string>
		</dict>
		<key>F4C3484D185CC7B900C0EF4D</key>
		<dict>
			<key>fileEncoding</key>
			<string>4</string>
			<key>isa</key>
			<string>PBXFileReference</string>
			<key>lastKnownFileType</key>
			<string>sourcecode.c.objc</string>
			<key>path</key>
			<string>UIViewController+GAI.m</string>
			<key>sourceTree</key>
			<string>&lt;group&gt;</string>
		</dict>
		<key>F4C3484E185CC7B900C0EF4D</key>
		<dict>
			<key>fileRef</key>
			<string>F4C3484D185CC7B900C0EF4D</string>
			<key>isa</key>
			<string>PBXBuildFile</string>
		</dict>
		<key>F4D6FA8A17FC8442000D0F2A</key>
		<dict>
			<key>fileEncoding</key>
			<string>4</string>
			<key>isa</key>
			<string>PBXFileReference</string>
			<key>lastKnownFileType</key>
			<string>text.json</string>
			<key>path</key>
			<string>sample-data.json</string>
			<key>sourceTree</key>
			<string>&lt;group&gt;</string>
		</dict>
		<key>F4D6FA8B17FC8442000D0F2A</key>
		<dict>
			<key>fileRef</key>
			<string>F4D6FA8A17FC8442000D0F2A</string>
			<key>isa</key>
			<string>PBXBuildFile</string>
		</dict>
		<key>F4ED06A8189A4617000CA56B</key>
		<dict>
			<key>isa</key>
			<string>PBXFileReference</string>
			<key>lastKnownFileType</key>
			<string>wrapper.framework</string>
			<key>path</key>
			<string>Crashlytics.framework</string>
			<key>sourceTree</key>
			<string>&lt;group&gt;</string>
		</dict>
		<key>F4ED06A9189A4617000CA56B</key>
		<dict>
			<key>fileRef</key>
			<string>F4ED06A8189A4617000CA56B</string>
			<key>isa</key>
			<string>PBXBuildFile</string>
		</dict>
		<key>F4EE1E4717FEEE86002F8A62</key>
		<dict>
			<key>fileEncoding</key>
			<string>4</string>
			<key>isa</key>
			<string>PBXFileReference</string>
			<key>lastKnownFileType</key>
			<string>text.xml</string>
			<key>path</key>
			<string>routes.kml</string>
			<key>sourceTree</key>
			<string>&lt;group&gt;</string>
		</dict>
		<key>F4EE1E4817FEEE86002F8A62</key>
		<dict>
			<key>fileRef</key>
			<string>F4EE1E4717FEEE86002F8A62</string>
			<key>isa</key>
			<string>PBXBuildFile</string>
		</dict>
		<key>F4EE1E7317FEF582002F8A62</key>
		<dict>
			<key>children</key>
			<array>
				<string>F4EE1E7417FEF58C002F8A62</string>
				<string>F4EE1E7517FEF58C002F8A62</string>
			</array>
			<key>isa</key>
			<string>PBXGroup</string>
			<key>name</key>
			<string>KMLParser</string>
			<key>sourceTree</key>
			<string>&lt;group&gt;</string>
		</dict>
		<key>F4EE1E7417FEF58C002F8A62</key>
		<dict>
			<key>fileEncoding</key>
			<string>4</string>
			<key>isa</key>
			<string>PBXFileReference</string>
			<key>lastKnownFileType</key>
			<string>sourcecode.c.h</string>
			<key>path</key>
			<string>KMLParser.h</string>
			<key>sourceTree</key>
			<string>&lt;group&gt;</string>
		</dict>
		<key>F4EE1E7517FEF58C002F8A62</key>
		<dict>
			<key>fileEncoding</key>
			<string>4</string>
			<key>isa</key>
			<string>PBXFileReference</string>
			<key>lastKnownFileType</key>
			<string>sourcecode.c.objc</string>
			<key>path</key>
			<string>KMLParser.m</string>
			<key>sourceTree</key>
			<string>&lt;group&gt;</string>
		</dict>
		<key>F4EE1E7617FEF58C002F8A62</key>
		<dict>
			<key>fileRef</key>
			<string>F4EE1E7517FEF58C002F8A62</string>
			<key>isa</key>
			<string>PBXBuildFile</string>
			<key>settings</key>
			<dict>
				<key>COMPILER_FLAGS</key>
				<string>-fno-objc-arc</string>
			</dict>
		</dict>
	</dict>
	<key>rootObject</key>
	<string>F470EBDB17F11589006FD464</string>
</dict>
</plist>
