PODS:
  - AFNetworking (2.2.3):
    - AFNetworking/NSURLConnection
    - AFNetworking/NSURLSession
    - AFNetworking/Reachability
    - AFNetworking/Security
    - AFNetworking/Serialization
    - AFNetworking/UIKit
  - AFNetworking/NSURLConnection (2.2.3):
    - AFNetworking/Reachability
    - AFNetworking/Security
    - AFNetworking/Serialization
  - AFNetworking/NSURLSession (2.2.3):
    - AFNetworking/NSURLConnection
  - AFNetworking/Reachability (2.2.3)
  - AFNetworking/Security (2.2.3)
  - AFNetworking/Serialization (2.2.3)
  - AFNetworking/UIKit (2.2.3):
    - AFNetworking/NSURLConnection
    - AFNetworking/NSURLSession
  - Appirater (2.0.2)
  - GoogleAnalytics-iOS-SDK (3.0.6)
  - InAppSettingsKit (2.0.1)
  - SBJson (4.0.1)
  - SVGeocoder (0.1)
  - TTCounterLabel (1.0.5):
    - TTTAttributedLabel
  - TTTAttributedLabel (1.9.5)

DEPENDENCIES:
  - AFNetworking
  - Appirater
  - GoogleAnalytics-iOS-SDK
  - InAppSettingsKit
  - SBJson
  - SVGeocoder
  - TTCounterLabel

SPEC CHECKSUMS:
  AFNetworking: ae513199cca79e9d7af2708ccabe2ed075550c42
  Appirater: 32fb9089615b5e542c7ad7b5749741a8aed55290
  GoogleAnalytics-iOS-SDK: 16dfcc0c4491148bf372edc85a8470cc405ffb72
  InAppSettingsKit: 5e42f626b9be9c33e3b04c0cc9523ca5eabe7ad3
  SBJson: 9749a0365b005bcb0b7adf74579d79372c11cc4f
  SVGeocoder: 22661b5bae88a53e040d9fecbb5304bbd8f81cd5
  TTCounterLabel: 1b6ef3b54514fbc6953627214986ed3786e892aa
  TTTAttributedLabel: 6154fd2407a03fb8d71abfa36f4710fff26a168e

COCOAPODS: 0.32.1
